
Microsoft Visual Studio Solution File, Format Version 12.00
# Visual Studio Version 16
VisualStudioVersion = 16.0.30717.126
MinimumVisualStudioVersion = 10.0.40219.1
Project("{F2A71F9B-5D33-465A-A702-920D77279786}") = "Fsharp5OverloadIssue", "Fsharp5OverloadIssue.fsproj", "{5DEBDA7F-D46B-45DE-90F7-5132D259A1DB}"
EndProject
Project("{6EC3EE1D-3C4E-46DD-8F32-0CC8E7565705}") = "Fsharp4_7OverloadFine", "Fsharp4_7OverloadFine.fsproj", "{9449A7C1-340C-4068-97E2-1E75CF4BEF9F}"
EndProject
Global
	GlobalSection(SolutionConfigurationPlatforms) = preSolution
		Debug|Any CPU = Debug|Any CPU
		Release|Any CPU = Release|Any CPU
	EndGlobalSection
	GlobalSection(ProjectConfigurationPlatforms) = postSolution
		{5DEBDA7F-D46B-45DE-90F7-5132D259A1DB}.Debug|Any CPU.ActiveCfg = Debug|Any CPU
		{5DEBDA7F-D46B-45DE-90F7-5132D259A1DB}.Debug|Any CPU.Build.0 = Debug|Any CPU
		{5DEBDA7F-D46B-45DE-90F7-5132D259A1DB}.Release|Any CPU.ActiveCfg = Release|Any CPU
		{5DEBDA7F-D46B-45DE-90F7-5132D259A1DB}.Release|Any CPU.Build.0 = Release|Any CPU
		{9449A7C1-340C-4068-97E2-1E75CF4BEF9F}.Debug|Any CPU.ActiveCfg = Debug|Any CPU
		{9449A7C1-340C-4068-97E2-1E75CF4BEF9F}.Debug|Any CPU.Build.0 = Debug|Any CPU
		{9449A7C1-340C-4068-97E2-1E75CF4BEF9F}.Release|Any CPU.ActiveCfg = Release|Any CPU
		{9449A7C1-340C-4068-97E2-1E75CF4BEF9F}.Release|Any CPU.Build.0 = Release|Any CPU
	EndGlobalSection
	GlobalSection(SolutionProperties) = preSolution
		HideSolutionNode = FALSE
	EndGlobalSection
	GlobalSection(ExtensibilityGlobals) = postSolution
		SolutionGuid = {E5580015-3BE0-41ED-A25B-26BFD17EF63C}
	EndGlobalSection
EndGlobal
